
Microsoft Visual Studio Solution File, Format Version 12.00
# Visual Studio Version 16
VisualStudioVersion = 16.0.31112.23
MinimumVisualStudioVersion = 10.0.40219.1
Project("{FAE04EC0-301F-11D3-BF4B-00C04F79EFBC}") = "Entidades", "Entidades.csproj", "{06F2A174-E1E5-4CA2-A0C4-ACDBEF2DBDE9}"
EndProject
Global
	GlobalSection(SolutionConfigurationPlatforms) = preSolution
		Debug|Any CPU = Debug|Any CPU
		Release|Any CPU = Release|Any CPU
	EndGlobalSection
	GlobalSection(ProjectConfigurationPlatforms) = postSolution
		{06F2A174-E1E5-4CA2-A0C4-ACDBEF2DBDE9}.Debug|Any CPU.ActiveCfg = Debug|Any CPU
		{06F2A174-E1E5-4CA2-A0C4-ACDBEF2DBDE9}.Debug|Any CPU.Build.0 = Debug|Any CPU
		{06F2A174-E1E5-4CA2-A0C4-ACDBEF2DBDE9}.Release|Any CPU.ActiveCfg = Release|Any CPU
		{06F2A174-E1E5-4CA2-A0C4-ACDBEF2DBDE9}.Release|Any CPU.Build.0 = Release|Any CPU
	EndGlobalSection
	GlobalSection(SolutionProperties) = preSolution
		HideSolutionNode = FALSE
	EndGlobalSection
	GlobalSection(ExtensibilityGlobals) = postSolution
		SolutionGuid = {714CA0D5-2B40-4DEA-9CC0-F21D2F6101B0}
	EndGlobalSection
EndGlobal
