
Microsoft Visual Studio Solution File, Format Version 12.00
# Visual Studio Version 16
VisualStudioVersion = 16.0.31205.134
MinimumVisualStudioVersion = 10.0.40219.1
Project("{FAE04EC0-301F-11D3-BF4B-00C04F79EFBC}") = "Entidades", "Entidades\Entidades.csproj", "{FDFBC3FA-5E08-4957-9045-26DA127DEB59}"
EndProject
Project("{FAE04EC0-301F-11D3-BF4B-00C04F79EFBC}") = "Formularios", "Formularios\Formularios.csproj", "{74C91B10-9705-43C6-BC95-78F00590E48C}"
EndProject
Project("{FAE04EC0-301F-11D3-BF4B-00C04F79EFBC}") = "Consola", "Consola\Consola.csproj", "{96FF915B-DC78-4247-8F9D-3171A52BA495}"
EndProject
Project("{FAE04EC0-301F-11D3-BF4B-00C04F79EFBC}") = "Serializador", "Serializador\Serializador.csproj", "{C176550B-9D94-4450-AE3F-A5B6FA759FD5}"
EndProject
Global
	GlobalSection(SolutionConfigurationPlatforms) = preSolution
		Debug|Any CPU = Debug|Any CPU
		Release|Any CPU = Release|Any CPU
	EndGlobalSection
	GlobalSection(ProjectConfigurationPlatforms) = postSolution
		{FDFBC3FA-5E08-4957-9045-26DA127DEB59}.Debug|Any CPU.ActiveCfg = Debug|Any CPU
		{FDFBC3FA-5E08-4957-9045-26DA127DEB59}.Debug|Any CPU.Build.0 = Debug|Any CPU
		{FDFBC3FA-5E08-4957-9045-26DA127DEB59}.Release|Any CPU.ActiveCfg = Release|Any CPU
		{FDFBC3FA-5E08-4957-9045-26DA127DEB59}.Release|Any CPU.Build.0 = Release|Any CPU
		{74C91B10-9705-43C6-BC95-78F00590E48C}.Debug|Any CPU.ActiveCfg = Debug|Any CPU
		{74C91B10-9705-43C6-BC95-78F00590E48C}.Debug|Any CPU.Build.0 = Debug|Any CPU
		{74C91B10-9705-43C6-BC95-78F00590E48C}.Release|Any CPU.ActiveCfg = Release|Any CPU
		{74C91B10-9705-43C6-BC95-78F00590E48C}.Release|Any CPU.Build.0 = Release|Any CPU
		{96FF915B-DC78-4247-8F9D-3171A52BA495}.Debug|Any CPU.ActiveCfg = Debug|Any CPU
		{96FF915B-DC78-4247-8F9D-3171A52BA495}.Debug|Any CPU.Build.0 = Debug|Any CPU
		{96FF915B-DC78-4247-8F9D-3171A52BA495}.Release|Any CPU.ActiveCfg = Release|Any CPU
		{96FF915B-DC78-4247-8F9D-3171A52BA495}.Release|Any CPU.Build.0 = Release|Any CPU
		{C176550B-9D94-4450-AE3F-A5B6FA759FD5}.Debug|Any CPU.ActiveCfg = Debug|Any CPU
		{C176550B-9D94-4450-AE3F-A5B6FA759FD5}.Debug|Any CPU.Build.0 = Debug|Any CPU
		{C176550B-9D94-4450-AE3F-A5B6FA759FD5}.Release|Any CPU.ActiveCfg = Release|Any CPU
		{C176550B-9D94-4450-AE3F-A5B6FA759FD5}.Release|Any CPU.Build.0 = Release|Any CPU
	EndGlobalSection
	GlobalSection(SolutionProperties) = preSolution
		HideSolutionNode = FALSE
	EndGlobalSection
	GlobalSection(ExtensibilityGlobals) = postSolution
		SolutionGuid = {F55DE0B4-DE78-44D8-9BC1-E23FB8EC2FC2}
	EndGlobalSection
EndGlobal
